
Microsoft Visual Studio Solution File, Format Version 12.00
# Visual Studio Version 17
VisualStudioVersion = 17.9.34723.18
MinimumVisualStudioVersion = 10.0.40219.1
Project("{FAE04EC0-301F-11D3-BF4B-00C04F79EFBC}") = "Project1_AdoNetCustomer", "Project1_AdoNetCustomer\Project1_AdoNetCustomer.csproj", "{899244A5-90F3-4762-8F0D-413431567509}"
EndProject
Project("{FAE04EC0-301F-11D3-BF4B-00C04F79EFBC}") = "Project2_EntityFrameworkDbFirstProduct", "Project2_EntityFrameworkDbFirstProduct\Project2_EntityFrameworkDbFirstProduct.csproj", "{22FF6F9C-F78D-4BED-8998-4B77520DB3FF}"
EndProject
Project("{FAE04EC0-301F-11D3-BF4B-00C04F79EFBC}") = "Project3_EntityFrameworkStatistics", "Project3_EntityFrameworkStatistics\Project3_EntityFrameworkStatistics.csproj", "{580C93F7-5600-47F0-A8EF-1954EA726DD7}"
EndProject
Project("{FAE04EC0-301F-11D3-BF4B-00C04F79EFBC}") = "Project4_EntityFrameworkCodeFirstMovie", "Project4_EntityFrameworkCodeFirstMovie\Project4_EntityFrameworkCodeFirstMovie.csproj", "{FF5E4917-7235-4299-80C0-4BB86A5BBCEB}"
EndProject
Project("{FAE04EC0-301F-11D3-BF4B-00C04F79EFBC}") = "Project5_DapperNorthwind", "Project5_DapperNorthwind\Project5_DapperNorthwind.csproj", "{8BC902D5-0BFD-4CED-9F08-0FB04F22585D}"
EndProject
Project("{9A19103F-16F7-4668-BE54-9A1E7A4F7556}") = "Project6_ApiWeather", "Project6_ApiWeather\Project6_ApiWeather.csproj", "{F8513887-086F-4882-BDDB-6873EF1C29E4}"
EndProject
Project("{9A19103F-16F7-4668-BE54-9A1E7A4F7556}") = "Project7_ApiWeatherConsume", "Project7_ApiWeatherConsume\Project7_ApiWeatherConsume.csproj", "{BF231F0C-273A-413A-9826-B815B815CD51}"
EndProject
Project("{FAE04EC0-301F-11D3-BF4B-00C04F79EFBC}") = "Project8_RapidApiCurrency", "Project8_RapidApiCurrency\Project8_RapidApiCurrency.csproj", "{30067228-57F3-43AA-AC8D-FA44E80ED1D2}"
EndProject
Project("{FAE04EC0-301F-11D3-BF4B-00C04F79EFBC}") = "Project9_MongoDbOrder", "Project9_MongoDbOrder\Project9_MongoDbOrder.csproj", "{B2BBE8D5-6F76-481F-9BE1-535320F22D78}"
EndProject
Project("{FAE04EC0-301F-11D3-BF4B-00C04F79EFBC}") = "Project10_PostgreSQLToDoListApp", "Project10_PostgreSQLToDoListApp\Project10_PostgreSQLToDoListApp.csproj", "{CE85312B-17B9-4BC1-A3A6-DE6F2FAD5972}"
EndProject
Project("{FAE04EC0-301F-11D3-BF4B-00C04F79EFBC}") = "Project11_TriggerOrderStock", "Project11_TriggerOrderStock\Project11_TriggerOrderStock.csproj", "{1CBD8A50-A71D-4090-8DCA-FF0F343E04C1}"
EndProject
Project("{FAE04EC0-301F-11D3-BF4B-00C04F79EFBC}") = "Project12_JwtToken", "Project12_JwtToken\Project12_JwtToken.csproj", "{B4F30E04-F5DF-438E-8CFD-AA460A9D98A0}"
EndProject
Project("{FAE04EC0-301F-11D3-BF4B-00C04F79EFBC}") = "Project13_WeatherApp", "Project13_WeatherApp\Project13_WeatherApp.csproj", "{57A7544E-5D6A-4810-A3B7-3FC27B0EEF23}"
EndProject
Global
	GlobalSection(SolutionConfigurationPlatforms) = preSolution
		Debug|Any CPU = Debug|Any CPU
		Release|Any CPU = Release|Any CPU
	EndGlobalSection
	GlobalSection(ProjectConfigurationPlatforms) = postSolution
		{899244A5-90F3-4762-8F0D-413431567509}.Debug|Any CPU.ActiveCfg = Debug|Any CPU
		{899244A5-90F3-4762-8F0D-413431567509}.Debug|Any CPU.Build.0 = Debug|Any CPU
		{899244A5-90F3-4762-8F0D-413431567509}.Release|Any CPU.ActiveCfg = Release|Any CPU
		{899244A5-90F3-4762-8F0D-413431567509}.Release|Any CPU.Build.0 = Release|Any CPU
		{22FF6F9C-F78D-4BED-8998-4B77520DB3FF}.Debug|Any CPU.ActiveCfg = Debug|Any CPU
		{22FF6F9C-F78D-4BED-8998-4B77520DB3FF}.Debug|Any CPU.Build.0 = Debug|Any CPU
		{22FF6F9C-F78D-4BED-8998-4B77520DB3FF}.Release|Any CPU.ActiveCfg = Release|Any CPU
		{22FF6F9C-F78D-4BED-8998-4B77520DB3FF}.Release|Any CPU.Build.0 = Release|Any CPU
		{580C93F7-5600-47F0-A8EF-1954EA726DD7}.Debug|Any CPU.ActiveCfg = Debug|Any CPU
		{580C93F7-5600-47F0-A8EF-1954EA726DD7}.Debug|Any CPU.Build.0 = Debug|Any CPU
		{580C93F7-5600-47F0-A8EF-1954EA726DD7}.Release|Any CPU.ActiveCfg = Release|Any CPU
		{580C93F7-5600-47F0-A8EF-1954EA726DD7}.Release|Any CPU.Build.0 = Release|Any CPU
		{FF5E4917-7235-4299-80C0-4BB86A5BBCEB}.Debug|Any CPU.ActiveCfg = Debug|Any CPU
		{FF5E4917-7235-4299-80C0-4BB86A5BBCEB}.Debug|Any CPU.Build.0 = Debug|Any CPU
		{FF5E4917-7235-4299-80C0-4BB86A5BBCEB}.Release|Any CPU.ActiveCfg = Release|Any CPU
		{FF5E4917-7235-4299-80C0-4BB86A5BBCEB}.Release|Any CPU.Build.0 = Release|Any CPU
		{8BC902D5-0BFD-4CED-9F08-0FB04F22585D}.Debug|Any CPU.ActiveCfg = Debug|Any CPU
		{8BC902D5-0BFD-4CED-9F08-0FB04F22585D}.Debug|Any CPU.Build.0 = Debug|Any CPU
		{8BC902D5-0BFD-4CED-9F08-0FB04F22585D}.Release|Any CPU.ActiveCfg = Release|Any CPU
		{8BC902D5-0BFD-4CED-9F08-0FB04F22585D}.Release|Any CPU.Build.0 = Release|Any CPU
		{F8513887-086F-4882-BDDB-6873EF1C29E4}.Debug|Any CPU.ActiveCfg = Debug|Any CPU
		{F8513887-086F-4882-BDDB-6873EF1C29E4}.Debug|Any CPU.Build.0 = Debug|Any CPU
		{F8513887-086F-4882-BDDB-6873EF1C29E4}.Release|Any CPU.ActiveCfg = Release|Any CPU
		{F8513887-086F-4882-BDDB-6873EF1C29E4}.Release|Any CPU.Build.0 = Release|Any CPU
		{BF231F0C-273A-413A-9826-B815B815CD51}.Debug|Any CPU.ActiveCfg = Debug|Any CPU
		{BF231F0C-273A-413A-9826-B815B815CD51}.Debug|Any CPU.Build.0 = Debug|Any CPU
		{BF231F0C-273A-413A-9826-B815B815CD51}.Release|Any CPU.ActiveCfg = Release|Any CPU
		{BF231F0C-273A-413A-9826-B815B815CD51}.Release|Any CPU.Build.0 = Release|Any CPU
		{30067228-57F3-43AA-AC8D-FA44E80ED1D2}.Debug|Any CPU.ActiveCfg = Debug|Any CPU
		{30067228-57F3-43AA-AC8D-FA44E80ED1D2}.Debug|Any CPU.Build.0 = Debug|Any CPU
		{30067228-57F3-43AA-AC8D-FA44E80ED1D2}.Release|Any CPU.ActiveCfg = Release|Any CPU
		{30067228-57F3-43AA-AC8D-FA44E80ED1D2}.Release|Any CPU.Build.0 = Release|Any CPU
		{B2BBE8D5-6F76-481F-9BE1-535320F22D78}.Debug|Any CPU.ActiveCfg = Debug|Any CPU
		{B2BBE8D5-6F76-481F-9BE1-535320F22D78}.Debug|Any CPU.Build.0 = Debug|Any CPU
		{B2BBE8D5-6F76-481F-9BE1-535320F22D78}.Release|Any CPU.ActiveCfg = Release|Any CPU
		{B2BBE8D5-6F76-481F-9BE1-535320F22D78}.Release|Any CPU.Build.0 = Release|Any CPU
		{CE85312B-17B9-4BC1-A3A6-DE6F2FAD5972}.Debug|Any CPU.ActiveCfg = Debug|Any CPU
		{CE85312B-17B9-4BC1-A3A6-DE6F2FAD5972}.Debug|Any CPU.Build.0 = Debug|Any CPU
		{CE85312B-17B9-4BC1-A3A6-DE6F2FAD5972}.Release|Any CPU.ActiveCfg = Release|Any CPU
		{CE85312B-17B9-4BC1-A3A6-DE6F2FAD5972}.Release|Any CPU.Build.0 = Release|Any CPU
		{1CBD8A50-A71D-4090-8DCA-FF0F343E04C1}.Debug|Any CPU.ActiveCfg = Debug|Any CPU
		{1CBD8A50-A71D-4090-8DCA-FF0F343E04C1}.Debug|Any CPU.Build.0 = Debug|Any CPU
		{1CBD8A50-A71D-4090-8DCA-FF0F343E04C1}.Release|Any CPU.ActiveCfg = Release|Any CPU
		{1CBD8A50-A71D-4090-8DCA-FF0F343E04C1}.Release|Any CPU.Build.0 = Release|Any CPU
		{B4F30E04-F5DF-438E-8CFD-AA460A9D98A0}.Debug|Any CPU.ActiveCfg = Debug|Any CPU
		{B4F30E04-F5DF-438E-8CFD-AA460A9D98A0}.Debug|Any CPU.Build.0 = Debug|Any CPU
		{B4F30E04-F5DF-438E-8CFD-AA460A9D98A0}.Release|Any CPU.ActiveCfg = Release|Any CPU
		{B4F30E04-F5DF-438E-8CFD-AA460A9D98A0}.Release|Any CPU.Build.0 = Release|Any CPU
		{57A7544E-5D6A-4810-A3B7-3FC27B0EEF23}.Debug|Any CPU.ActiveCfg = Debug|Any CPU
		{57A7544E-5D6A-4810-A3B7-3FC27B0EEF23}.Debug|Any CPU.Build.0 = Debug|Any CPU
		{57A7544E-5D6A-4810-A3B7-3FC27B0EEF23}.Release|Any CPU.ActiveCfg = Release|Any CPU
		{57A7544E-5D6A-4810-A3B7-3FC27B0EEF23}.Release|Any CPU.Build.0 = Release|Any CPU
	EndGlobalSection
	GlobalSection(SolutionProperties) = preSolution
		HideSolutionNode = FALSE
	EndGlobalSection
	GlobalSection(ExtensibilityGlobals) = postSolution
		SolutionGuid = {C8566924-B76A-4125-92D7-8C4265BB0F62}
	EndGlobalSection
EndGlobal
